# This file is automatically @generated by Poetry 2.2.1 and should not be changed by hand.

[[package]]
name = "colorama"
version = "0.4.6"
description = "Cross-platform colored terminal text."
optional = true
python-versions = "!=3.0.*,!=3.1.*,!=3.2.*,!=3.3.*,!=3.4.*,!=3.5.*,!=3.6.*,>=2.7"
groups = ["main"]
markers = "extra == \"dev\" and sys_platform == \"win32\""
files = [
    {file = "colorama-0.4.6-py2.py3-none-any.whl", hash = "sha256:4f1d9991f5acc0ca119f9d443620b77f9d6b33703e51011c16baf57afb285fc6"},
    {file = "colorama-0.4.6.tar.gz", hash = "sha256:08695f5cb7ed6e0531a20572697297273c47b8cae5a63ffc6d6ed5c201be6e44"},
]

[[package]]
name = "exceptiongroup"
version = "1.3.1"
description = "Backport of PEP 654 (exception groups)"
optional = true
python-versions = ">=3.7"
groups = ["main"]
markers = "extra == \"dev\" and python_version == \"3.10\""
files = [
    {file = "exceptiongroup-1.3.1-py3-none-any.whl", hash = "sha256:a7a39a3bd276781e98394987d3a5701d0c4edffb633bb7a5144577f82c773598"},
    {file = "exceptiongroup-1.3.1.tar.gz", hash = "sha256:8b412432c6055b0b7d14c310000ae93352ed6754f70fa8f7c34141f91c4e3219"},
]

[package.dependencies]
typing-extensions = {version = ">=4.6.0", markers = "python_version < \"3.13\""}

[package.extras]
test = ["pytest (>=6)"]

[[package]]
name = "h5py"
version = "3.15.1"
description = "Read and write HDF5 files from Python"
optional = false
python-versions = ">=3.10"
groups = ["main"]
files = [
    {file = "h5py-3.15.1-cp310-cp310-macosx_10_9_x86_64.whl", hash = "sha256:67e59f6c2f19a32973a40f43d9a088ae324fe228c8366e25ebc57ceebf093a6b"},
    {file = "h5py-3.15.1-cp310-cp310-macosx_11_0_arm64.whl", hash = "sha256:0e2f471688402c3404fa4e13466e373e622fd4b74b47b56cfdff7cc688209422"},
    {file = "h5py-3.15.1-cp310-cp310-manylinux_2_27_aarch64.manylinux_2_28_aarch64.whl", hash = "sha256:4c45802bcb711e128a6839cb6c01e9ac648dc55df045c9542a675c771f15c8d5"},
    {file = "h5py-3.15.1-cp310-cp310-manylinux_2_27_x86_64.manylinux_2_28_x86_64.whl", hash = "sha256:64ce3f6470adb87c06e3a8dd1b90e973699f1759ad79bfa70c230939bff356c9"},
    {file = "h5py-3.15.1-cp310-cp310-musllinux_1_2_aarch64.whl", hash = "sha256:4411c1867b9899a25e983fff56d820a66f52ac326bbe10c7cdf7d832c9dcd883"},
    {file = "h5py-3.15.1-cp310-cp310-musllinux_1_2_x86_64.whl", hash = "sha256:2cbc4104d3d4aca9d6db8c0c694555e255805bfeacf9eb1349bda871e26cacbe"},
    {file = "h5py-3.15.1-cp310-cp310-win_amd64.whl", hash = "sha256:01f55111ca516f5568ae7a7fc8247dfce607de331b4467ee8a9a6ed14e5422c7"},
    {file = "h5py-3.15.1-cp311-cp311-macosx_10_9_x86_64.whl", hash = "sha256:5aaa330bcbf2830150c50897ea5dcbed30b5b6d56897289846ac5b9e529ec243"},
    {file = "h5py-3.15.1-cp311-cp311-macosx_11_0_arm64.whl", hash = "sha256:c970fb80001fffabb0109eaf95116c8e7c0d3ca2de854e0901e8a04c1f098509"},
    {file = "h5py-3.15.1-cp311-cp311-manylinux_2_27_aarch64.manylinux_2_28_aarch64.whl", hash = "sha256:80e5bb5b9508d5d9da09f81fd00abbb3f85da8143e56b1585d59bc8ceb1dba8b"},
    {file = "h5py-3.15.1-cp311-cp311-manylinux_2_27_x86_64.manylinux_2_28_x86_64.whl", hash = "sha256:5b849ba619a066196169763c33f9f0f02e381156d61c03e000bb0100f9950faf"},
    {file = "h5py-3.15.1-cp311-cp311-musllinux_1_2_aarch64.whl", hash = "sha256:e7f6c841efd4e6e5b7e82222eaf90819927b6d256ab0f3aca29675601f654f3c"},
    {file = "h5py-3.15.1-cp311-cp311-musllinux_1_2_x86_64.whl", hash = "sha256:ca8a3a22458956ee7b40d8e39c9a9dc01f82933e4c030c964f8b875592f4d831"},
    {file = "h5py-3.15.1-cp311-cp311-win_amd64.whl", hash = "sha256:550e51131376889656feec4aff2170efc054a7fe79eb1da3bb92e1625d1ac878"},
    {file = "h5py-3.15.1-cp311-cp311-win_arm64.whl", hash = "sha256:b39239947cb36a819147fc19e86b618dcb0953d1cd969f5ed71fc0de60392427"},
    {file = "h5py-3.15.1-cp312-cp312-macosx_10_13_x86_64.whl", hash = "sha256:316dd0f119734f324ca7ed10b5627a2de4ea42cc4dfbcedbee026aaa361c238c"},
    {file = "h5py-3.15.1-cp312-cp312-macosx_11_0_arm64.whl", hash = "sha256:b51469890e58e85d5242e43aab29f5e9c7e526b951caab354f3ded4ac88e7b76"},
    {file = "h5py-3.15.1-cp312-cp312-manylinux_2_27_aarch64.manylinux_2_28_aarch64.whl", hash = "sha256:8a33bfd5dfcea037196f7778534b1ff7e36a7f40a89e648c8f2967292eb6898e"},
    {file = "h5py-3.15.1-cp312-cp312-manylinux_2_27_x86_64.manylinux_2_28_x86_64.whl", hash = "sha256:25c8843fec43b2cc368aa15afa1cdf83fc5e17b1c4e10cd3771ef6c39b72e5ce"},
    {file = "h5py-3.15.1-cp312-cp312-musllinux_1_2_aarch64.whl", hash = "sha256:a308fd8681a864c04423c0324527237a0484e2611e3441f8089fd00ed56a8171"},
    {file = "h5py-3.15.1-cp312-cp312-musllinux_1_2_x86_64.whl", hash = "sha256:f4a016df3f4a8a14d573b496e4d1964deb380e26031fc85fb40e417e9131888a"},
    {file = "h5py-3.15.1-cp312-cp312-win_amd64.whl", hash = "sha256:59b25cf02411bf12e14f803fef0b80886444c7fe21a5ad17c6a28d3f08098a1e"},
    {file = "h5py-3.15.1-cp312-cp312-win_arm64.whl", hash = "sha256:61d5a58a9851e01ee61c932bbbb1c98fe20aba0a5674776600fb9a361c0aa652"},
    {file = "h5py-3.15.1-cp313-cp313-macosx_10_13_x86_64.whl", hash = "sha256:c8440fd8bee9500c235ecb7aa1917a0389a2adb80c209fa1cc485bd70e0d94a5"},
    {file = "h5py-3.15.1-cp313-cp313-macosx_11_0_arm64.whl", hash = "sha256:ab2219dbc6fcdb6932f76b548e2b16f34a1f52b7666e998157a4dfc02e2c4123"},
    {file = "h5py-3.15.1-cp313-cp313-manylinux_2_27_aarch64.manylinux_2_28_aarch64.whl", hash = "sha256:d8cb02c3a96255149ed3ac811eeea25b655d959c6dd5ce702c9a95ff11859eb5"},
    {file = "h5py-3.15.1-cp313-cp313-manylinux_2_27_x86_64.manylinux_2_28_x86_64.whl", hash = "sha256:121b2b7a4c1915d63737483b7bff14ef253020f617c2fb2811f67a4bed9ac5e8"},
    {file = "h5py-3.15.1-cp313-cp313-musllinux_1_2_aarch64.whl", hash = "sha256:59b0d63b318bf3cc06687def2b45afd75926bbc006f7b8cd2b1a231299fc8599"},
    {file = "h5py-3.15.1-cp313-cp313-musllinux_1_2_x86_64.whl", hash = "sha256:e02fe77a03f652500d8bff288cbf3675f742fc0411f5a628fa37116507dc7cc0"},
    {file = "h5py-3.15.1-cp313-cp313-win_amd64.whl", hash = "sha256:dea78b092fd80a083563ed79a3171258d4a4d307492e7cf8b2313d464c82ba52"},
    {file = "h5py-3.15.1-cp313-cp313-win_arm64.whl", hash = "sha256:c256254a8a81e2bddc0d376e23e2a6d2dc8a1e8a2261835ed8c1281a0744cd97"},
    {file = "h5py-3.15.1-cp314-cp314-macosx_10_15_x86_64.whl", hash = "sha256:5f4fb0567eb8517c3ecd6b3c02c4f4e9da220c8932604960fd04e24ee1254763"},
    {file = "h5py-3.15.1-cp314-cp314-macosx_11_0_arm64.whl", hash = "sha256:954e480433e82d3872503104f9b285d369048c3a788b2b1a00e53d1c47c98dd2"},
    {file = "h5py-3.15.1-cp314-cp314-manylinux_2_27_aarch64.manylinux_2_28_aarch64.whl", hash = "sha256:fd125c131889ebbef0849f4a0e29cf363b48aba42f228d08b4079913b576bb3a"},
    {file = "h5py-3.15.1-cp314-cp314-manylinux_2_27_x86_64.manylinux_2_28_x86_64.whl", hash = "sha256:28a20e1a4082a479b3d7db2169f3a5034af010b90842e75ebbf2e9e49eb4183e"},
    {file = "h5py-3.15.1-cp314-cp314-musllinux_1_2_aarch64.whl", hash = "sha256:fa8df5267f545b4946df8ca0d93d23382191018e4cda2deda4c2cedf9a010e13"},
    {file = "h5py-3.15.1-cp314-cp314-musllinux_1_2_x86_64.whl", hash = "sha256:99d374a21f7321a4c6ab327c4ab23bd925ad69821aeb53a1e75dd809d19f67fa"},
    {file = "h5py-3.15.1-cp314-cp314-win_amd64.whl", hash = "sha256:9c73d1d7cdb97d5b17ae385153472ce118bed607e43be11e9a9deefaa54e0734"},
    {file = "h5py-3.15.1-cp314-cp314-win_arm64.whl", hash = "sha256:a6d8c5a05a76aca9a494b4c53ce8a9c29023b7f64f625c6ce1841e92a362ccdf"},
    {file = "h5py-3.15.1.tar.gz", hash = "sha256:c86e3ed45c4473564de55aa83b6fc9e5ead86578773dfbd93047380042e26b69"},
]

[package.dependencies]
numpy = ">=1.21.2"

[[package]]
name = "iniconfig"
version = "2.3.0"
description = "brain-dead simple config-ini parsing"
optional = true
python-versions = ">=3.10"
groups = ["main"]
markers = "extra == \"dev\""
files = [
    {file = "iniconfig-2.3.0-py3-none-any.whl", hash = "sha256:f631c04d2c48c52b84d0d0549c99ff3859c98df65b3101406327ecc7d53fbf12"},
    {file = "iniconfig-2.3.0.tar.gz", hash = "sha256:c76315c77db068650d49c5b56314774a7804df16fee4402c1f19d6d15d8c4730"},
]

[[package]]
name = "numpy"
version = "2.2.6"
description = "Fundamental package for array computing in Python"
optional = false
python-versions = ">=3.10"
groups = ["main"]
files = [
    {file = "numpy-2.2.6-cp310-cp310-macosx_10_9_x86_64.whl", hash = "sha256:b412caa66f72040e6d268491a59f2c43bf03eb6c96dd8f0307829feb7fa2b6fb"},
    {file = "numpy-2.2.6-cp310-cp310-macosx_11_0_arm64.whl", hash = "sha256:8e41fd67c52b86603a91c1a505ebaef50b3314de0213461c7a6e99c9a3beff90"},
    {file = "numpy-2.2.6-cp310-cp310-macosx_14_0_arm64.whl", hash = "sha256:37e990a01ae6ec7fe7fa1c26c55ecb672dd98b19c3d0e1d1f326fa13cb38d163"},
    {file = "numpy-2.2.6-cp310-cp310-macosx_14_0_x86_64.whl", hash = "sha256:5a6429d4be8ca66d889b7cf70f536a397dc45ba6faeb5f8c5427935d9592e9cf"},
    {file = "numpy-2.2.6-cp310-cp310-manylinux_2_17_aarch64.manylinux2014_aarch64.whl", hash = "sha256:efd28d4e9cd7d7a8d39074a4d44c63eda73401580c5c76acda2ce969e0a38e83"},
    {file = "numpy-2.2.6-cp310-cp310-manylinux_2_17_x86_64.manylinux2014_x86_64.whl", hash = "sha256:fc7b73d02efb0e18c000e9ad8b83480dfcd5dfd11065997ed4c6747470ae8915"},
    {file = "numpy-2.2.6-cp310-cp310-musllinux_1_2_aarch64.whl", hash = "sha256:74d4531beb257d2c3f4b261bfb0fc09e0f9ebb8842d82a7b4209415896adc680"},
    {file = "numpy-2.2.6-cp310-cp310-musllinux_1_2_x86_64.whl", hash = "sha256:8fc377d995680230e83241d8a96def29f204b5782f371c532579b4f20607a289"},
    {file = "numpy-2.2.6-cp310-cp310-win32.whl", hash = "sha256:b093dd74e50a8cba3e873868d9e93a85b78e0daf2e98c6797566ad8044e8363d"},
    {file = "numpy-2.2.6-cp310-cp310-win_amd64.whl", hash = "sha256:f0fd6321b839904e15c46e0d257fdd101dd7f530fe03fd6359c1ea63738703f3"},
    {file = "numpy-2.2.6-cp311-cp311-macosx_10_9_x86_64.whl", hash = "sha256:f9f1adb22318e121c5c69a09142811a201ef17ab257a1e66ca3025065b7f53ae"},
    {file = "numpy-2.2.6-cp311-cp311-macosx_11_0_arm64.whl", hash = "sha256:c820a93b0255bc360f53eca31a0e676fd1101f673dda8da93454a12e23fc5f7a"},
    {file = "numpy-2.2.6-cp311-cp311-macosx_14_0_arm64.whl", hash = "sha256:3d70692235e759f260c3d837193090014aebdf026dfd167834bcba43e30c2a42"},
    {file = "numpy-2.2.6-cp311-cp311-macosx_14_0_x86_64.whl", hash = "sha256:481b49095335f8eed42e39e8041327c05b0f6f4780488f61286ed3c01368d491"},
    {file = "numpy-2.2.6-cp311-cp311-manylinux_2_17_aarch64.manylinux2014_aarch64.whl", hash = "sha256:b64d8d4d17135e00c8e346e0a738deb17e754230d7e0810ac5012750bbd85a5a"},
    {file = "numpy-2.2.6-cp311-cp311-manylinux_2_17_x86_64.manylinux2014_x86_64.whl", hash = "sha256:ba10f8411898fc418a521833e014a77d3ca01c15b0c6cdcce6a0d2897e6dbbdf"},
    {file = "numpy-2.2.6-cp311-cp311-musllinux_1_2_aarch64.whl", hash = "sha256:bd48227a919f1bafbdda0583705e547892342c26fb127219d60a5c36882609d1"},
    {file = "numpy-2.2.6-cp311-cp311-musllinux_1_2_x86_64.whl", hash = "sha256:9551a499bf125c1d4f9e250377c1ee2eddd02e01eac6644c080162c0c51778ab"},
    {file = "numpy-2.2.6-cp311-cp311-win32.whl", hash = "sha256:0678000bb9ac1475cd454c6b8c799206af8107e310843532b04d49649c717a47"},
    {file = "numpy-2.2.6-cp311-cp311-win_amd64.whl", hash = "sha256:e8213002e427c69c45a52bbd94163084025f533a55a59d6f9c5b820774ef3303"},
    {file = "numpy-2.2.6-cp312-cp312-macosx_10_13_x86_64.whl", hash = "sha256:41c5a21f4a04fa86436124d388f6ed60a9343a6f767fced1a8a71c3fbca038ff"},
    {file = "numpy-2.2.6-cp312-cp312-macosx_11_0_arm64.whl", hash = "sha256:de749064336d37e340f640b05f24e9e3dd678c57318c7289d222a8a2f543e90c"},
    {file = "numpy-2.2.6-cp312-cp312-macosx_14_0_arm64.whl", hash = "sha256:894b3a42502226a1cac872f840030665f33326fc3dac8e57c607905773cdcde3"},
    {file = "numpy-2.2.6-cp312-cp312-macosx_14_0_x86_64.whl", hash = "sha256:71594f7c51a18e728451bb50cc60a3ce4e6538822731b2933209a1f3614e9282"},
    {file = "numpy-2.2.6-cp312-cp312-manylinux_2_17_aarch64.manylinux2014_aarch64.whl", hash = "sha256:f2618db89be1b4e05f7a1a847a9c1c0abd63e63a1607d892dd54668dd92faf87"},
    {file = "numpy-2.2.6-cp312-cp312-manylinux_2_17_x86_64.manylinux2014_x86_64.whl", hash = "sha256:fd83c01228a688733f1ded5201c678f0c53ecc1006ffbc404db9f7a899ac6249"},
    {file = "numpy-2.2.6-cp312-cp312-musllinux_1_2_aarch64.whl", hash = "sha256:37c0ca431f82cd5fa716eca9506aefcabc247fb27ba69c5062a6d3ade8cf8f49"},
    {file = "numpy-2.2.6-cp312-cp312-musllinux_1_2_x86_64.whl", hash = "sha256:fe27749d33bb772c80dcd84ae7e8df2adc920ae8297400dabec45f0dedb3f6de"},
    {file = "numpy-2.2.6-cp312-cp312-win32.whl", hash = "sha256:4eeaae00d789f66c7a25ac5f34b71a7035bb474e679f410e5e1a94deb24cf2d4"},
    {file = "numpy-2.2.6-cp312-cp312-win_amd64.whl", hash = "sha256:c1f9540be57940698ed329904db803cf7a402f3fc200bfe599334c9bd84a40b2"},
    {file = "numpy-2.2.6-cp313-cp313-macosx_10_13_x86_64.whl", hash = "sha256:0811bb762109d9708cca4d0b13c4f67146e3c3b7cf8d34018c722adb2d957c84"},
    {file = "numpy-2.2.6-cp313-cp313-macosx_11_0_arm64.whl", hash = "sha256:287cc3162b6f01463ccd86be154f284d0893d2b3ed7292439ea97eafa8170e0b"},
    {file = "numpy-2.2.6-cp313-cp313-macosx_14_0_arm64.whl", hash = "sha256:f1372f041402e37e5e633e586f62aa53de2eac8d98cbfb822806ce4bbefcb74d"},
    {file = "numpy-2.2.6-cp313-cp313-macosx_14_0_x86_64.whl", hash = "sha256:55a4d33fa519660d69614a9fad433be87e5252f4b03850642f88993f7b2ca566"},
    {file = "numpy-2.2.6-cp313-cp313-manylinux_2_17_aarch64.manylinux2014_aarch64.whl", hash = "sha256:f92729c95468a2f4f15e9bb94c432a9229d0d50de67304399627a943201baa2f"},
    {file = "numpy-2.2.6-cp313-cp313-manylinux_2_17_x86_64.manylinux2014_x86_64.whl", hash = "sha256:1bc23a79bfabc5d056d106f9befb8d50c31ced2fbc70eedb8155aec74a45798f"},
    {file = "numpy-2.2.6-cp313-cp313-musllinux_1_2_aarch64.whl", hash = "sha256:e3143e4451880bed956e706a3220b4e5cf6172ef05fcc397f6f36a550b1dd868"},
    {file = "numpy-2.2.6-cp313-cp313-musllinux_1_2_x86_64.whl", hash = "sha256:b4f13750ce79751586ae2eb824ba7e1e8dba64784086c98cdbbcc6a42112ce0d"},
    {file = "numpy-2.2.6-cp313-cp313-win32.whl", hash = "sha256:5beb72339d9d4fa36522fc63802f469b13cdbe4fdab4a288f0c441b74272ebfd"},
    {file = "numpy-2.2.6-cp313-cp313-win_amd64.whl", hash = "sha256:b0544343a702fa80c95ad5d3d608ea3599dd54d4632df855e4c8d24eb6ecfa1c"},
    {file = "numpy-2.2.6-cp313-cp313t-macosx_10_13_x86_64.whl", hash = "sha256:0bca768cd85ae743b2affdc762d617eddf3bcf8724435498a1e80132d04879e6"},
    {file = "numpy-2.2.6-cp313-cp313t-macosx_11_0_arm64.whl", hash = "sha256:fc0c5673685c508a142ca65209b4e79ed6740a4ed6b2267dbba90f34b0b3cfda"},
    {file = "numpy-2.2.6-cp313-cp313t-macosx_14_0_arm64.whl", hash = "sha256:5bd4fc3ac8926b3819797a7c0e2631eb889b4118a9898c84f585a54d475b7e40"},
    {file = "numpy-2.2.6-cp313-cp313t-macosx_14_0_x86_64.whl", hash = "sha256:fee4236c876c4e8369388054d02d0e9bb84821feb1a64dd59e137e6511a551f8"},
    {file = "numpy-2.2.6-cp313-cp313t-manylinux_2_17_aarch64.manylinux2014_aarch64.whl", hash = "sha256:e1dda9c7e08dc141e0247a5b8f49cf05984955246a327d4c48bda16821947b2f"},
    {file = "numpy-2.2.6-cp313-cp313t-manylinux_2_17_x86_64.manylinux2014_x86_64.whl", hash = "sha256:f447e6acb680fd307f40d3da4852208af94afdfab89cf850986c3ca00562f4fa"},
    {file = "numpy-2.2.6-cp313-cp313t-musllinux_1_2_aarch64.whl", hash = "sha256:389d771b1623ec92636b0786bc4ae56abafad4a4c513d36a55dce14bd9ce8571"},
    {file = "numpy-2.2.6-cp313-cp313t-musllinux_1_2_x86_64.whl", hash = "sha256:8e9ace4a37db23421249ed236fdcdd457d671e25146786dfc96835cd951aa7c1"},
    {file = "numpy-2.2.6-cp313-cp313t-win32.whl", hash = "sha256:038613e9fb8c72b0a41f025a7e4c3f0b7a1b5d768ece4796b674c8f3fe13efff"},
    {file = "numpy-2.2.6-cp313-cp313t-win_amd64.whl", hash = "sha256:6031dd6dfecc0cf9f668681a37648373bddd6421fff6c66ec1624eed0180ee06"},
    {file = "numpy-2.2.6-pp310-pypy310_pp73-macosx_10_15_x86_64.whl", hash = "sha256:0b605b275d7bd0c640cad4e5d30fa701a8d59302e127e5f79138ad62762c3e3d"},
    {file = "numpy-2.2.6-pp310-pypy310_pp73-macosx_14_0_x86_64.whl", hash = "sha256:7befc596a7dc9da8a337f79802ee8adb30a552a94f792b9c9d18c840055907db"},
    {file = "numpy-2.2.6-pp310-pypy310_pp73-manylinux_2_17_x86_64.manylinux2014_x86_64.whl", hash = "sha256:ce47521a4754c8f4593837384bd3424880629f718d87c5d44f8ed763edd63543"},
    {file = "numpy-2.2.6-pp310-pypy310_pp73-win_amd64.whl", hash = "sha256:d042d24c90c41b54fd506da306759e06e568864df8ec17ccc17e9e884634fd00"},
    {file = "numpy-2.2.6.tar.gz", hash = "sha256:e29554e2bef54a90aa5cc07da6ce955accb83f21ab5de01a62c8478897b264fd"},
]

[[package]]
name = "packaging"
version = "25.0"
description = "Core utilities for Python packages"
optional = true
python-versions = ">=3.8"
groups = ["main"]
markers = "extra == \"dev\""
files = [
    {file = "packaging-25.0-py3-none-any.whl", hash = "sha256:29572ef2b1f17581046b3a2227d5c611fb25ec70ca1ba8554b24b0e69331a484"},
    {file = "packaging-25.0.tar.gz", hash = "sha256:d443872c98d677bf60f6a1f2f8c1cb748e8fe762d2bf9d3148b5599295b0fc4f"},
]

[[package]]
name = "pluggy"
version = "1.6.0"
description = "plugin and hook calling mechanisms for python"
optional = true
python-versions = ">=3.9"
groups = ["main"]
markers = "extra == \"dev\""
files = [
    {file = "pluggy-1.6.0-py3-none-any.whl", hash = "sha256:e920276dd6813095e9377c0bc5566d94c932c33b27a3e3945d8389c374dd4746"},
    {file = "pluggy-1.6.0.tar.gz", hash = "sha256:7dcc130b76258d33b90f61b658791dede3486c3e6bfb003ee5c9bfb396dd22f3"},
]

[package.extras]
dev = ["pre-commit", "tox"]
testing = ["coverage", "pytest", "pytest-benchmark"]

[[package]]
name = "pygments"
version = "2.19.2"
description = "Pygments is a syntax highlighting package written in Python."
optional = true
python-versions = ">=3.8"
groups = ["main"]
markers = "extra == \"dev\""
files = [
    {file = "pygments-2.19.2-py3-none-any.whl", hash = "sha256:86540386c03d588bb81d44bc3928634ff26449851e99741617ecb9037ee5ec0b"},
    {file = "pygments-2.19.2.tar.gz", hash = "sha256:636cb2477cec7f8952536970bc533bc43743542f70392ae026374600add5b887"},
]

[package.extras]
windows-terminal = ["colorama (>=0.4.6)"]

[[package]]
name = "pyside6"
version = "6.10.1"
description = "Python bindings for the Qt cross-platform application and UI framework"
optional = false
python-versions = "<3.15,>=3.9"
groups = ["main"]
files = [
    {file = "pyside6-6.10.1-cp39-abi3-macosx_13_0_universal2.whl", hash = "sha256:d0e70dd0e126d01986f357c2a555722f9462cf8a942bf2ce180baf69f468e516"},
    {file = "pyside6-6.10.1-cp39-abi3-manylinux_2_34_x86_64.whl", hash = "sha256:4053bf51ba2c2cb20e1005edd469997976a02cec009f7c46356a0b65c137f1fa"},
    {file = "pyside6-6.10.1-cp39-abi3-manylinux_2_39_aarch64.whl", hash = "sha256:7d3ca20a40139ca5324a7864f1d91cdf2ff237e11bd16354a42670f2a4eeb13c"},
    {file = "pyside6-6.10.1-cp39-abi3-win_amd64.whl", hash = "sha256:9f89ff994f774420eaa38cec6422fddd5356611d8481774820befd6f3bb84c9e"},
    {file = "pyside6-6.10.1-cp39-abi3-win_arm64.whl", hash = "sha256:9c5c1d94387d1a32a6fae25348097918ef413b87dfa3767c46f737c6d48ae437"},
]

[package.dependencies]
PySide6_Addons = "6.10.1"
PySide6_Essentials = "6.10.1"
shiboken6 = "6.10.1"

[[package]]
name = "pyside6-addons"
version = "6.10.1"
description = "Python bindings for the Qt cross-platform application and UI framework (Addons)"
optional = false
python-versions = "<3.15,>=3.9"
groups = ["main"]
files = [
    {file = "pyside6_addons-6.10.1-cp39-abi3-macosx_13_0_universal2.whl", hash = "sha256:4d2b82bbf9b861134845803837011e5f9ac7d33661b216805273cf0c6d0f8e82"},
    {file = "pyside6_addons-6.10.1-cp39-abi3-manylinux_2_34_x86_64.whl", hash = "sha256:330c229b58d30083a7b99ed22e118eb4f4126408429816a4044ccd0438ae81b4"},
    {file = "pyside6_addons-6.10.1-cp39-abi3-manylinux_2_39_aarch64.whl", hash = "sha256:56864b5fecd6924187a2d0f7e98d968ed72b6cc267caa5b294cd7e88fff4e54c"},
    {file = "pyside6_addons-6.10.1-cp39-abi3-win_amd64.whl", hash = "sha256:b6e249d15407dd33d6a2ffabd9dc6d7a8ab8c95d05f16a71dad4d07781c76341"},
    {file = "pyside6_addons-6.10.1-cp39-abi3-win_arm64.whl", hash = "sha256:0de303c0447326cdc6c8be5ab066ef581e2d0baf22560c9362d41b8304fdf2db"},
]

[package.dependencies]
PySide6_Essentials = "6.10.1"
shiboken6 = "6.10.1"

[[package]]
name = "pyside6-essentials"
version = "6.10.1"
description = "Python bindings for the Qt cross-platform application and UI framework (Essentials)"
optional = false
python-versions = "<3.15,>=3.9"
groups = ["main"]
files = [
    {file = "pyside6_essentials-6.10.1-cp39-abi3-macosx_13_0_universal2.whl", hash = "sha256:cd224aff3bb26ff1fca32c050e1c4d0bd9f951a96219d40d5f3d0128485b0bbe"},
    {file = "pyside6_essentials-6.10.1-cp39-abi3-manylinux_2_34_x86_64.whl", hash = "sha256:e9ccbfb58c03911a0bce1f2198605b02d4b5ca6276bfc0cbcf7c6f6393ffb856"},
    {file = "pyside6_essentials-6.10.1-cp39-abi3-manylinux_2_39_aarch64.whl", hash = "sha256:ec8617c9b143b0c19ba1cc5a7e98c538e4143795480cb152aee47802c18dc5d2"},
    {file = "pyside6_essentials-6.10.1-cp39-abi3-win_amd64.whl", hash = "sha256:9555a48e8f0acf63fc6a23c250808db841b28a66ed6ad89ee0e4df7628752674"},
    {file = "pyside6_essentials-6.10.1-cp39-abi3-win_arm64.whl", hash = "sha256:4d1d248644f1778f8ddae5da714ca0f5a150a5e6f602af2765a7d21b876da05c"},
]

[package.dependencies]
shiboken6 = "6.10.1"

[[package]]
name = "pytest"
version = "9.0.1"
description = "pytest: simple powerful testing with Python"
optional = true
python-versions = ">=3.10"
groups = ["main"]
markers = "extra == \"dev\""
files = [
    {file = "pytest-9.0.1-py3-none-any.whl", hash = "sha256:67be0030d194df2dfa7b556f2e56fb3c3315bd5c8822c6951162b92b32ce7dad"},
    {file = "pytest-9.0.1.tar.gz", hash = "sha256:3e9c069ea73583e255c3b21cf46b8d3c56f6e3a1a8f6da94ccb0fcf57b9d73c8"},
]

[package.dependencies]
colorama = {version = ">=0.4", markers = "sys_platform == \"win32\""}
exceptiongroup = {version = ">=1", markers = "python_version < \"3.11\""}
iniconfig = ">=1.0.1"
packaging = ">=22"
pluggy = ">=1.5,<2"
pygments = ">=2.7.2"
tomli = {version = ">=1", markers = "python_version < \"3.11\""}

[package.extras]
dev = ["argcomplete", "attrs (>=19.2)", "hypothesis (>=3.56)", "mock", "requests", "setuptools", "xmlschema"]

[[package]]
name = "shiboken6"
version = "6.10.1"
description = "Python/C++ bindings helper module"
optional = false
python-versions = "<3.15,>=3.9"
groups = ["main"]
files = [
    {file = "shiboken6-6.10.1-cp39-abi3-macosx_13_0_universal2.whl", hash = "sha256:9f2990f5b61b0b68ecadcd896ab4441f2cb097eef7797ecc40584107d9850d71"},
    {file = "shiboken6-6.10.1-cp39-abi3-manylinux_2_34_x86_64.whl", hash = "sha256:f4221a52dfb81f24a0d20cc4f8981cb6edd810d5a9fb28287ce10d342573a0e4"},
    {file = "shiboken6-6.10.1-cp39-abi3-manylinux_2_39_aarch64.whl", hash = "sha256:c095b00f4d6bf578c0b2464bb4e264b351a99345374478570f69e2e679a2a1d0"},
    {file = "shiboken6-6.10.1-cp39-abi3-win_amd64.whl", hash = "sha256:c1601d3cda1fa32779b141663873741b54e797cb0328458d7466281f117b0a4e"},
    {file = "shiboken6-6.10.1-cp39-abi3-win_arm64.whl", hash = "sha256:5cf800917008587b551005a45add2d485cca66f5f7ecd5b320e9954e40448cc9"},
]

[[package]]
name = "tomli"
version = "2.3.0"
description = "A lil' TOML parser"
optional = true
python-versions = ">=3.8"
groups = ["main"]
markers = "extra == \"dev\" and python_version == \"3.10\""
files = [
    {file = "tomli-2.3.0-cp311-cp311-macosx_10_9_x86_64.whl", hash = "sha256:88bd15eb972f3664f5ed4b57c1634a97153b4bac4479dcb6a495f41921eb7f45"},
    {file = "tomli-2.3.0-cp311-cp311-macosx_11_0_arm64.whl", hash = "sha256:883b1c0d6398a6a9d29b508c331fa56adbcdff647f6ace4dfca0f50e90dfd0ba"},
    {file = "tomli-2.3.0-cp311-cp311-manylinux2014_aarch64.manylinux_2_17_aarch64.manylinux_2_28_aarch64.whl", hash = "sha256:d1381caf13ab9f300e30dd8feadb3de072aeb86f1d34a8569453ff32a7dea4bf"},
    {file = "tomli-2.3.0-cp311-cp311-manylinux2014_x86_64.manylinux_2_17_x86_64.manylinux_2_28_x86_64.whl", hash = "sha256:a0e285d2649b78c0d9027570d4da3425bdb49830a6156121360b3f8511ea3441"},
    {file = "tomli-2.3.0-cp311-cp311-musllinux_1_2_aarch64.whl", hash = "sha256:0a154a9ae14bfcf5d8917a59b51ffd5a3ac1fd149b71b47a3a104ca4edcfa845"},
    {file = "tomli-2.3.0-cp311-cp311-musllinux_1_2_x86_64.whl", hash = "sha256:74bf8464ff93e413514fefd2be591c3b0b23231a77f901db1eb30d6f712fc42c"},
    {file = "tomli-2.3.0-cp311-cp311-win32.whl", hash = "sha256:00b5f5d95bbfc7d12f91ad8c593a1659b6387b43f054104cda404be6bda62456"},
    {file = "tomli-2.3.0-cp311-cp311-win_amd64.whl", hash = "sha256:4dc4ce8483a5d429ab602f111a93a6ab1ed425eae3122032db7e9acf449451be"},
    {file = "tomli-2.3.0-cp312-cp312-macosx_10_13_x86_64.whl", hash = "sha256:d7d86942e56ded512a594786a5ba0a5e521d02529b3826e7761a05138341a2ac"},
    {file = "tomli-2.3.0-cp312-cp312-macosx_11_0_arm64.whl", hash = "sha256:73ee0b47d4dad1c5e996e3cd33b8a76a50167ae5f96a2607cbe8cc773506ab22"},
    {file = "tomli-2.3.0-cp312-cp312-manylinux2014_aarch64.manylinux_2_17_aarch64.manylinux_2_28_aarch64.whl", hash = "sha256:792262b94d5d0a466afb5bc63c7daa9d75520110971ee269152083270998316f"},
    {file = "tomli-2.3.0-cp312-cp312-manylinux2014_x86_64.manylinux_2_17_x86_64.manylinux_2_28_x86_64.whl", hash = "sha256:4f195fe57ecceac95a66a75ac24d9d5fbc98ef0962e09b2eddec5d39375aae52"},
    {file = "tomli-2.3.0-cp312-cp312-musllinux_1_2_aarch64.whl", hash = "sha256:e31d432427dcbf4d86958c184b9bfd1e96b5b71f8eb17e6d02531f434fd335b8"},
    {file = "tomli-2.3.0-cp312-cp312-musllinux_1_2_x86_64.whl", hash = "sha256:7b0882799624980785240ab732537fcfc372601015c00f7fc367c55308c186f6"},
    {file = "tomli-2.3.0-cp312-cp312-win32.whl", hash = "sha256:ff72b71b5d10d22ecb084d345fc26f42b5143c5533db5e2eaba7d2d335358876"},
    {file = "tomli-2.3.0-cp312-cp312-win_amd64.whl", hash = "sha256:1cb4ed918939151a03f33d4242ccd0aa5f11b3547d0cf30f7c74a408a5b99878"},
    {file = "tomli-2.3.0-cp313-cp313-macosx_10_13_x86_64.whl", hash = "sha256:5192f562738228945d7b13d4930baffda67b69425a7f0da96d360b0a3888136b"},
    {file = "tomli-2.3.0-cp313-cp313-macosx_11_0_arm64.whl", hash = "sha256:be71c93a63d738597996be9528f4abe628d1adf5e6eb11607bc8fe1a510b5dae"},
    {file = "tomli-2.3.0-cp313-cp313-manylinux2014_aarch64.manylinux_2_17_aarch64.manylinux_2_28_aarch64.whl", hash = "sha256:c4665508bcbac83a31ff8ab08f424b665200c0e1e645d2bd9ab3d3e557b6185b"},
    {file = "tomli-2.3.0-cp313-cp313-manylinux2014_x86_64.manylinux_2_17_x86_64.manylinux_2_28_x86_64.whl", hash = "sha256:4021923f97266babc6ccab9f5068642a0095faa0a51a246a6a02fccbb3514eaf"},
    {file = "tomli-2.3.0-cp313-cp313-musllinux_1_2_aarch64.whl", hash = "sha256:a4ea38c40145a357d513bffad0ed869f13c1773716cf71ccaa83b0fa0cc4e42f"},
    {file = "tomli-2.3.0-cp313-cp313-musllinux_1_2_x86_64.whl", hash = "sha256:ad805ea85eda330dbad64c7ea7a4556259665bdf9d2672f5dccc740eb9d3ca05"},
    {file = "tomli-2.3.0-cp313-cp313-win32.whl", hash = "sha256:97d5eec30149fd3294270e889b4234023f2c69747e555a27bd708828353ab606"},
    {file = "tomli-2.3.0-cp313-cp313-win_amd64.whl", hash = "sha256:0c95ca56fbe89e065c6ead5b593ee64b84a26fca063b5d71a1122bf26e533999"},
    {file = "tomli-2.3.0-cp314-cp314-macosx_10_13_x86_64.whl", hash = "sha256:cebc6fe843e0733ee827a282aca4999b596241195f43b4cc371d64fc6639da9e"},
    {file = "tomli-2.3.0-cp314-cp314-macosx_11_0_arm64.whl", hash = "sha256:4c2ef0244c75aba9355561272009d934953817c49f47d768070c3c94355c2aa3"},
    {file = "tomli-2.3.0-cp314-cp314-manylinux2014_aarch64.manylinux_2_17_aarch64.manylinux_2_28_aarch64.whl", hash = "sha256:c22a8bf253bacc0cf11f35ad9808b6cb75ada2631c2d97c971122583b129afbc"},
    {file = "tomli-2.3.0-cp314-cp314-manylinux2014_x86_64.manylinux_2_17_x86_64.manylinux_2_28_x86_64.whl", hash = "sha256:0eea8cc5c5e9f89c9b90c4896a8deefc74f518db5927d0e0e8d4a80953d774d0"},
    {file = "tomli-2.3.0-cp314-cp314-musllinux_1_2_aarch64.whl", hash = "sha256:b74a0e59ec5d15127acdabd75ea17726ac4c5178ae51b85bfe39c4f8a278e879"},
    {file = "tomli-2.3.0-cp314-cp314-musllinux_1_2_x86_64.whl", hash = "sha256:b5870b50c9db823c595983571d1296a6ff3e1b88f734a4c8f6fc6188397de005"},
    {file = "tomli-2.3.0-cp314-cp314-win32.whl", hash = "sha256:feb0dacc61170ed7ab602d3d972a58f14ee3ee60494292d384649a3dc38ef463"},
    {file = "tomli-2.3.0-cp314-cp314-win_amd64.whl", hash = "sha256:b273fcbd7fc64dc3600c098e39136522650c49bca95df2d11cf3b626422392c8"},
    {file = "tomli-2.3.0-cp314-cp314t-macosx_10_13_x86_64.whl", hash = "sha256:940d56ee0410fa17ee1f12b817b37a4d4e4dc4d27340863cc67236c74f582e77"},
    {file = "tomli-2.3.0-cp314-cp314t-macosx_11_0_arm64.whl", hash = "sha256:f85209946d1fe94416debbb88d00eb92ce9cd5266775424ff81bc959e001acaf"},
    {file = "tomli-2.3.0-cp314-cp314t-manylinux2014_aarch64.manylinux_2_17_aarch64.manylinux_2_28_aarch64.whl", hash = "sha256:a56212bdcce682e56b0aaf79e869ba5d15a6163f88d5451cbde388d48b13f530"},
    {file = "tomli-2.3.0-cp314-cp314t-manylinux2014_x86_64.manylinux_2_17_x86_64.manylinux_2_28_x86_64.whl", hash = "sha256:c5f3ffd1e098dfc032d4d3af5c0ac64f6d286d98bc148698356847b80fa4de1b"},
    {file = "tomli-2.3.0-cp314-cp314t-musllinux_1_2_aarch64.whl", hash = "sha256:5e01decd096b1530d97d5d85cb4dff4af2d8347bd35686654a004f8dea20fc67"},
    {file = "tomli-2.3.0-cp314-cp314t-musllinux_1_2_x86_64.whl", hash = "sha256:8a35dd0e643bb2610f156cca8db95d213a90015c11fee76c946aa62b7ae7e02f"},
    {file = "tomli-2.3.0-cp314-cp314t-win32.whl", hash = "sha256:a1f7f282fe248311650081faafa5f4732bdbfef5d45fe3f2e702fbc6f2d496e0"},
    {file = "tomli-2.3.0-cp314-cp314t-win_amd64.whl", hash = "sha256:70a251f8d4ba2d9ac2542eecf008b3c8a9fc5c3f9f02c56a9d7952612be2fdba"},
    {file = "tomli-2.3.0-py3-none-any.whl", hash = "sha256:e95b1af3c5b07d9e643909b5abbec77cd9f1217e6d0bca72b0234736b9fb1f1b"},
    {file = "tomli-2.3.0.tar.gz", hash = "sha256:64be704a875d2a59753d80ee8a533c3fe183e3f06807ff7dc2232938ccb01549"},
]

[[package]]
name = "typing-extensions"
version = "4.15.0"
description = "Backported and Experimental Type Hints for Python 3.9+"
optional = true
python-versions = ">=3.9"
groups = ["main"]
markers = "extra == \"dev\" and python_version == \"3.10\""
files = [
    {file = "typing_extensions-4.15.0-py3-none-any.whl", hash = "sha256:f0fa19c6845758ab08074a0cfa8b7aecb71c999ca73d62883bc25cc018c4e548"},
    {file = "typing_extensions-4.15.0.tar.gz", hash = "sha256:0cea48d173cc12fa28ecabc3b837ea3cf6f38c6d1136f85cbaaf598984861466"},
]

[extras]
dev = ["pytest"]

[metadata]
lock-version = "2.1"
python-versions = ">=3.10,<3.15"
content-hash = "70ce8b52ffd05d8dded0186e509a965b92a96d16b3ef9e59344d208473333f1d"
